
Microsoft Visual Studio Solution File, Format Version 12.00
# Visual Studio 14
VisualStudioVersion = 14.0.23107.0
MinimumVisualStudioVersion = 10.0.40219.1
Project("{FAE04EC0-301F-11D3-BF4B-00C04F79EFBC}") = "shapeeditor", "shapeeditor\shapeeditor.csproj", "{A23249BF-03E9-43EB-AB8E-056D02172467}"
EndProject
Project("{FAE04EC0-301F-11D3-BF4B-00C04F79EFBC}") = "graphiceditor", "graphiceditor\graphiceditor.csproj", "{BAF8DA22-0C84-4B34-9B6A-BDA729D46107}"
EndProject
Global
	GlobalSection(SolutionConfigurationPlatforms) = preSolution
		Debug|Any CPU = Debug|Any CPU
		Release|Any CPU = Release|Any CPU
	EndGlobalSection
	GlobalSection(ProjectConfigurationPlatforms) = postSolution
		{A23249BF-03E9-43EB-AB8E-056D02172467}.Debug|Any CPU.ActiveCfg = Debug|Any CPU
		{A23249BF-03E9-43EB-AB8E-056D02172467}.Debug|Any CPU.Build.0 = Debug|Any CPU
		{A23249BF-03E9-43EB-AB8E-056D02172467}.Release|Any CPU.ActiveCfg = Release|Any CPU
		{A23249BF-03E9-43EB-AB8E-056D02172467}.Release|Any CPU.Build.0 = Release|Any CPU
		{BAF8DA22-0C84-4B34-9B6A-BDA729D46107}.Debug|Any CPU.ActiveCfg = Debug|Any CPU
		{BAF8DA22-0C84-4B34-9B6A-BDA729D46107}.Debug|Any CPU.Build.0 = Debug|Any CPU
		{BAF8DA22-0C84-4B34-9B6A-BDA729D46107}.Release|Any CPU.ActiveCfg = Release|Any CPU
		{BAF8DA22-0C84-4B34-9B6A-BDA729D46107}.Release|Any CPU.Build.0 = Release|Any CPU
	EndGlobalSection
	GlobalSection(SolutionProperties) = preSolution
		HideSolutionNode = FALSE
	EndGlobalSection
EndGlobal
